
Microsoft Visual Studio Solution File, Format Version 12.00
# Visual Studio 15
VisualStudioVersion = 15.0.27428.2027
MinimumVisualStudioVersion = 10.0.40219.1
Project("{FAE04EC0-301F-11D3-BF4B-00C04F79EFBC}") = "SkipLists", "SkipLists.csproj", "{CC203422-C00B-482C-B8CA-1BE7E4F343B1}"
EndProject
Global
	GlobalSection(SolutionConfigurationPlatforms) = preSolution
		Debug|Any CPU = Debug|Any CPU
		Release|Any CPU = Release|Any CPU
	EndGlobalSection
	GlobalSection(ProjectConfigurationPlatforms) = postSolution
		{CC203422-C00B-482C-B8CA-1BE7E4F343B1}.Debug|Any CPU.ActiveCfg = Debug|Any CPU
		{CC203422-C00B-482C-B8CA-1BE7E4F343B1}.Debug|Any CPU.Build.0 = Debug|Any CPU
		{CC203422-C00B-482C-B8CA-1BE7E4F343B1}.Release|Any CPU.ActiveCfg = Release|Any CPU
		{CC203422-C00B-482C-B8CA-1BE7E4F343B1}.Release|Any CPU.Build.0 = Release|Any CPU
	EndGlobalSection
	GlobalSection(SolutionProperties) = preSolution
		HideSolutionNode = FALSE
	EndGlobalSection
	GlobalSection(ExtensibilityGlobals) = postSolution
		SolutionGuid = {8C29377B-1C33-4751-9455-47530E018E9A}
	EndGlobalSection
EndGlobal
